
Microsoft Visual Studio Solution File, Format Version 12.00
# Visual Studio Version 17
VisualStudioVersion = 17.11.35312.102
MinimumVisualStudioVersion = 10.0.40219.1
Project("{FAE04EC0-301F-11D3-BF4B-00C04F79EFBC}") = "LMS_software", "LMS_software\LMS_software.csproj", "{4E631454-C0A8-47CC-899F-A4C08775CEEF}"
EndProject
Global
	GlobalSection(SolutionConfigurationPlatforms) = preSolution
		Debug|Any CPU = Debug|Any CPU
		Release|Any CPU = Release|Any CPU
	EndGlobalSection
	GlobalSection(ProjectConfigurationPlatforms) = postSolution
		{4E631454-C0A8-47CC-899F-A4C08775CEEF}.Debug|Any CPU.ActiveCfg = Debug|Any CPU
		{4E631454-C0A8-47CC-899F-A4C08775CEEF}.Debug|Any CPU.Build.0 = Debug|Any CPU
		{4E631454-C0A8-47CC-899F-A4C08775CEEF}.Release|Any CPU.ActiveCfg = Release|Any CPU
		{4E631454-C0A8-47CC-899F-A4C08775CEEF}.Release|Any CPU.Build.0 = Release|Any CPU
	EndGlobalSection
	GlobalSection(SolutionProperties) = preSolution
		HideSolutionNode = FALSE
	EndGlobalSection
	GlobalSection(ExtensibilityGlobals) = postSolution
		SolutionGuid = {370C4148-6FED-446C-BBFC-0ED311C05305}
	EndGlobalSection
EndGlobal
